
Microsoft Visual Studio Solution File, Format Version 12.00
# Visual Studio 2013
VisualStudioVersion = 12.0.31101.0
MinimumVisualStudioVersion = 10.0.40219.1
Project("{FAE04EC0-301F-11D3-BF4B-00C04F79EFBC}") = "PowerShellAudio.Api", "PowerShellAudio.Api\PowerShellAudio.Api.csproj", "{B122F71F-58CA-4CDB-91F0-ED91DB6FE3FB}"
EndProject
Project("{2150E333-8FDC-42A3-9474-1A3956D46DE8}") = "Extensions", "Extensions", "{190E3FA0-597A-458E-9C24-E58596629D16}"
EndProject
Project("{FAE04EC0-301F-11D3-BF4B-00C04F79EFBC}") = "PowerShellAudio.Extensions.Wave", "Extensions\PowerShellAudio.Extensions.Wave\PowerShellAudio.Extensions.Wave.csproj", "{0A130488-A419-4133-B8D8-0F637B490089}"
EndProject
Project("{FAE04EC0-301F-11D3-BF4B-00C04F79EFBC}") = "PowerShellAudio.Extensions.Flac", "Extensions\PowerShellAudio.Extensions.Flac\PowerShellAudio.Extensions.Flac.csproj", "{BCE18F0D-F650-40DB-9092-2ADADBF113E3}"
EndProject
Project("{FAE04EC0-301F-11D3-BF4B-00C04F79EFBC}") = "PowerShellAudio.Common", "PowerShellAudio.Common\PowerShellAudio.Common.csproj", "{805811ED-7986-4691-BACB-00FFFEE65FA7}"
EndProject
Project("{FAE04EC0-301F-11D3-BF4B-00C04F79EFBC}") = "PowerShellAudio.Extensibility", "PowerShellAudio.Extensibility\PowerShellAudio.Extensibility.csproj", "{53A553D8-F413-4CA0-A958-DEDC9D0E83F1}"
EndProject
Project("{FAE04EC0-301F-11D3-BF4B-00C04F79EFBC}") = "PowerShellAudio.Extensions.ReplayGain", "Extensions\PowerShellAudio.Extensions.ReplayGain\PowerShellAudio.Extensions.ReplayGain.csproj", "{4277BEBB-073A-4A27-946F-09ADEDCE98C9}"
EndProject
Project("{FAE04EC0-301F-11D3-BF4B-00C04F79EFBC}") = "PowerShellAudio.Commands", "PowerShellAudio.Commands\PowerShellAudio.Commands.csproj", "{A49041D4-6C2B-48B8-A3AD-F9607B09D357}"
	ProjectSection(ProjectDependencies) = postProject
		{BCE18F0D-F650-40DB-9092-2ADADBF113E3} = {BCE18F0D-F650-40DB-9092-2ADADBF113E3}
		{F6E7E018-9CAA-44B5-9E77-F90DBC954170} = {F6E7E018-9CAA-44B5-9E77-F90DBC954170}
		{E58F1E1C-72BC-4379-B491-CFA5E48E8605} = {E58F1E1C-72BC-4379-B491-CFA5E48E8605}
		{7D89FD61-1B43-4055-90CF-ED8B12259B49} = {7D89FD61-1B43-4055-90CF-ED8B12259B49}
		{0A130488-A419-4133-B8D8-0F637B490089} = {0A130488-A419-4133-B8D8-0F637B490089}
		{9C6B94A7-05FF-4BC4-8FF8-BCC808F240AB} = {9C6B94A7-05FF-4BC4-8FF8-BCC808F240AB}
		{E0F122AE-2811-4D7D-B59D-3105F237B56B} = {E0F122AE-2811-4D7D-B59D-3105F237B56B}
		{4277BEBB-073A-4A27-946F-09ADEDCE98C9} = {4277BEBB-073A-4A27-946F-09ADEDCE98C9}
		{F5CD5FCE-2E46-4C2D-A9E9-075E427FF2E5} = {F5CD5FCE-2E46-4C2D-A9E9-075E427FF2E5}
	EndProjectSection
EndProject
Project("{FAE04EC0-301F-11D3-BF4B-00C04F79EFBC}") = "PowerShellAudio.Extensions.Mp3", "Extensions\PowerShellAudio.Extensions.Mp3\PowerShellAudio.Extensions.Mp3.csproj", "{F6E7E018-9CAA-44B5-9E77-F90DBC954170}"
EndProject
Project("{FAE04EC0-301F-11D3-BF4B-00C04F79EFBC}") = "PowerShellAudio.Extensions.Id3", "Extensions\PowerShellAudio.Extensions.Id3\PowerShellAudio.Extensions.Id3.csproj", "{9C6B94A7-05FF-4BC4-8FF8-BCC808F240AB}"
EndProject
Project("{FAE04EC0-301F-11D3-BF4B-00C04F79EFBC}") = "PowerShellAudio.Extensions.Lame", "Extensions\PowerShellAudio.Extensions.Lame\PowerShellAudio.Extensions.Lame.csproj", "{E58F1E1C-72BC-4379-B491-CFA5E48E8605}"
	ProjectSection(ProjectDependencies) = postProject
		{9C6B94A7-05FF-4BC4-8FF8-BCC808F240AB} = {9C6B94A7-05FF-4BC4-8FF8-BCC808F240AB}
		{4277BEBB-073A-4A27-946F-09ADEDCE98C9} = {4277BEBB-073A-4A27-946F-09ADEDCE98C9}
	EndProjectSection
EndProject
Project("{FAE04EC0-301F-11D3-BF4B-00C04F79EFBC}") = "PowerShellAudio.Extensions.Mp4", "Extensions\PowerShellAudio.Extensions.Mp4\PowerShellAudio.Extensions.Mp4.csproj", "{7D89FD61-1B43-4055-90CF-ED8B12259B49}"
EndProject
Project("{FAE04EC0-301F-11D3-BF4B-00C04F79EFBC}") = "PowerShellAudio.Extensions.Vorbis", "Extensions\PowerShellAudio.Extensions.Vorbis\PowerShellAudio.Extensions.Vorbis.csproj", "{F5CD5FCE-2E46-4C2D-A9E9-075E427FF2E5}"
	ProjectSection(ProjectDependencies) = postProject
		{4277BEBB-073A-4A27-946F-09ADEDCE98C9} = {4277BEBB-073A-4A27-946F-09ADEDCE98C9}
	EndProjectSection
EndProject
Project("{FAE04EC0-301F-11D3-BF4B-00C04F79EFBC}") = "PowerShellAudio.Extensions.Apple", "Extensions\PowerShellAudio.Extensions.Apple\PowerShellAudio.Extensions.Apple.csproj", "{E0F122AE-2811-4D7D-B59D-3105F237B56B}"
	ProjectSection(ProjectDependencies) = postProject
		{7D89FD61-1B43-4055-90CF-ED8B12259B49} = {7D89FD61-1B43-4055-90CF-ED8B12259B49}
		{4277BEBB-073A-4A27-946F-09ADEDCE98C9} = {4277BEBB-073A-4A27-946F-09ADEDCE98C9}
	EndProjectSection
EndProject
Project("{FAE04EC0-301F-11D3-BF4B-00C04F79EFBC}") = "PowerShellAudio.UnitTests", "PowerShellAudio.UnitTests\PowerShellAudio.UnitTests.csproj", "{38A38F5C-D59D-4976-AAE6-F0B95C51DA1A}"
	ProjectSection(ProjectDependencies) = postProject
		{BCE18F0D-F650-40DB-9092-2ADADBF113E3} = {BCE18F0D-F650-40DB-9092-2ADADBF113E3}
		{F6E7E018-9CAA-44B5-9E77-F90DBC954170} = {F6E7E018-9CAA-44B5-9E77-F90DBC954170}
		{E58F1E1C-72BC-4379-B491-CFA5E48E8605} = {E58F1E1C-72BC-4379-B491-CFA5E48E8605}
		{7D89FD61-1B43-4055-90CF-ED8B12259B49} = {7D89FD61-1B43-4055-90CF-ED8B12259B49}
		{0A130488-A419-4133-B8D8-0F637B490089} = {0A130488-A419-4133-B8D8-0F637B490089}
		{9C6B94A7-05FF-4BC4-8FF8-BCC808F240AB} = {9C6B94A7-05FF-4BC4-8FF8-BCC808F240AB}
		{E0F122AE-2811-4D7D-B59D-3105F237B56B} = {E0F122AE-2811-4D7D-B59D-3105F237B56B}
		{4277BEBB-073A-4A27-946F-09ADEDCE98C9} = {4277BEBB-073A-4A27-946F-09ADEDCE98C9}
		{F5CD5FCE-2E46-4C2D-A9E9-075E427FF2E5} = {F5CD5FCE-2E46-4C2D-A9E9-075E427FF2E5}
	EndProjectSection
EndProject
Project("{2150E333-8FDC-42A3-9474-1A3956D46DE8}") = "Solution Items", "Solution Items", "{7A43876E-3E89-4E8C-9267-C9B88B662866}"
	ProjectSection(SolutionItems) = preProject
		COPYING = COPYING
		COPYING.LESSER = COPYING.LESSER
		Default.runsettings = Default.runsettings
	EndProjectSection
EndProject
Project("{2150E333-8FDC-42A3-9474-1A3956D46DE8}") = "Deployment", "Deployment", "{8143544E-CC91-4945-8FC6-ADB1ECE47B19}"
EndProject
Project("{930C7802-8A8C-48F9-8165-68863BCCD9DD}") = "Setup", "Deployment\Setup\Setup.wixproj", "{6E1832B1-C388-49BB-9787-8944CE462167}"
EndProject
Project("{930C7802-8A8C-48F9-8165-68863BCCD9DD}") = "Setup64", "Deployment\Setup64\Setup64.wixproj", "{61B61907-B607-4BFD-B3EE-5DDEA6310BDF}"
EndProject
Project("{930C7802-8A8C-48F9-8165-68863BCCD9DD}") = "Bootstrapper", "Deployment\Bootstrapper\Bootstrapper.wixproj", "{CEDEFF1A-110C-4532-BE6C-C99E9047032E}"
EndProject
Global
	GlobalSection(SolutionConfigurationPlatforms) = preSolution
		Debug|Mixed Platforms = Debug|Mixed Platforms
		Release|Mixed Platforms = Release|Mixed Platforms
	EndGlobalSection
	GlobalSection(ProjectConfigurationPlatforms) = postSolution
		{B122F71F-58CA-4CDB-91F0-ED91DB6FE3FB}.Debug|Mixed Platforms.ActiveCfg = Debug|Any CPU
		{B122F71F-58CA-4CDB-91F0-ED91DB6FE3FB}.Debug|Mixed Platforms.Build.0 = Debug|Any CPU
		{B122F71F-58CA-4CDB-91F0-ED91DB6FE3FB}.Release|Mixed Platforms.ActiveCfg = Release|Any CPU
		{B122F71F-58CA-4CDB-91F0-ED91DB6FE3FB}.Release|Mixed Platforms.Build.0 = Release|Any CPU
		{0A130488-A419-4133-B8D8-0F637B490089}.Debug|Mixed Platforms.ActiveCfg = Debug|Any CPU
		{0A130488-A419-4133-B8D8-0F637B490089}.Debug|Mixed Platforms.Build.0 = Debug|Any CPU
		{0A130488-A419-4133-B8D8-0F637B490089}.Release|Mixed Platforms.ActiveCfg = Release|Any CPU
		{0A130488-A419-4133-B8D8-0F637B490089}.Release|Mixed Platforms.Build.0 = Release|Any CPU
		{BCE18F0D-F650-40DB-9092-2ADADBF113E3}.Debug|Mixed Platforms.ActiveCfg = Debug|Any CPU
		{BCE18F0D-F650-40DB-9092-2ADADBF113E3}.Debug|Mixed Platforms.Build.0 = Debug|Any CPU
		{BCE18F0D-F650-40DB-9092-2ADADBF113E3}.Release|Mixed Platforms.ActiveCfg = Release|Any CPU
		{BCE18F0D-F650-40DB-9092-2ADADBF113E3}.Release|Mixed Platforms.Build.0 = Release|Any CPU
		{805811ED-7986-4691-BACB-00FFFEE65FA7}.Debug|Mixed Platforms.ActiveCfg = Debug|Any CPU
		{805811ED-7986-4691-BACB-00FFFEE65FA7}.Debug|Mixed Platforms.Build.0 = Debug|Any CPU
		{805811ED-7986-4691-BACB-00FFFEE65FA7}.Release|Mixed Platforms.ActiveCfg = Release|Any CPU
		{805811ED-7986-4691-BACB-00FFFEE65FA7}.Release|Mixed Platforms.Build.0 = Release|Any CPU
		{53A553D8-F413-4CA0-A958-DEDC9D0E83F1}.Debug|Mixed Platforms.ActiveCfg = Debug|Any CPU
		{53A553D8-F413-4CA0-A958-DEDC9D0E83F1}.Debug|Mixed Platforms.Build.0 = Debug|Any CPU
		{53A553D8-F413-4CA0-A958-DEDC9D0E83F1}.Release|Mixed Platforms.ActiveCfg = Release|Any CPU
		{53A553D8-F413-4CA0-A958-DEDC9D0E83F1}.Release|Mixed Platforms.Build.0 = Release|Any CPU
		{4277BEBB-073A-4A27-946F-09ADEDCE98C9}.Debug|Mixed Platforms.ActiveCfg = Debug|Any CPU
		{4277BEBB-073A-4A27-946F-09ADEDCE98C9}.Debug|Mixed Platforms.Build.0 = Debug|Any CPU
		{4277BEBB-073A-4A27-946F-09ADEDCE98C9}.Release|Mixed Platforms.ActiveCfg = Release|Any CPU
		{4277BEBB-073A-4A27-946F-09ADEDCE98C9}.Release|Mixed Platforms.Build.0 = Release|Any CPU
		{A49041D4-6C2B-48B8-A3AD-F9607B09D357}.Debug|Mixed Platforms.ActiveCfg = Debug|Any CPU
		{A49041D4-6C2B-48B8-A3AD-F9607B09D357}.Debug|Mixed Platforms.Build.0 = Debug|Any CPU
		{A49041D4-6C2B-48B8-A3AD-F9607B09D357}.Release|Mixed Platforms.ActiveCfg = Release|Any CPU
		{A49041D4-6C2B-48B8-A3AD-F9607B09D357}.Release|Mixed Platforms.Build.0 = Release|Any CPU
		{F6E7E018-9CAA-44B5-9E77-F90DBC954170}.Debug|Mixed Platforms.ActiveCfg = Debug|Any CPU
		{F6E7E018-9CAA-44B5-9E77-F90DBC954170}.Debug|Mixed Platforms.Build.0 = Debug|Any CPU
		{F6E7E018-9CAA-44B5-9E77-F90DBC954170}.Release|Mixed Platforms.ActiveCfg = Release|Any CPU
		{F6E7E018-9CAA-44B5-9E77-F90DBC954170}.Release|Mixed Platforms.Build.0 = Release|Any CPU
		{9C6B94A7-05FF-4BC4-8FF8-BCC808F240AB}.Debug|Mixed Platforms.ActiveCfg = Debug|Any CPU
		{9C6B94A7-05FF-4BC4-8FF8-BCC808F240AB}.Debug|Mixed Platforms.Build.0 = Debug|Any CPU
		{9C6B94A7-05FF-4BC4-8FF8-BCC808F240AB}.Release|Mixed Platforms.ActiveCfg = Release|Any CPU
		{9C6B94A7-05FF-4BC4-8FF8-BCC808F240AB}.Release|Mixed Platforms.Build.0 = Release|Any CPU
		{E58F1E1C-72BC-4379-B491-CFA5E48E8605}.Debug|Mixed Platforms.ActiveCfg = Debug|Any CPU
		{E58F1E1C-72BC-4379-B491-CFA5E48E8605}.Debug|Mixed Platforms.Build.0 = Debug|Any CPU
		{E58F1E1C-72BC-4379-B491-CFA5E48E8605}.Release|Mixed Platforms.ActiveCfg = Release|Any CPU
		{E58F1E1C-72BC-4379-B491-CFA5E48E8605}.Release|Mixed Platforms.Build.0 = Release|Any CPU
		{7D89FD61-1B43-4055-90CF-ED8B12259B49}.Debug|Mixed Platforms.ActiveCfg = Debug|Any CPU
		{7D89FD61-1B43-4055-90CF-ED8B12259B49}.Debug|Mixed Platforms.Build.0 = Debug|Any CPU
		{7D89FD61-1B43-4055-90CF-ED8B12259B49}.Release|Mixed Platforms.ActiveCfg = Release|Any CPU
		{7D89FD61-1B43-4055-90CF-ED8B12259B49}.Release|Mixed Platforms.Build.0 = Release|Any CPU
		{F5CD5FCE-2E46-4C2D-A9E9-075E427FF2E5}.Debug|Mixed Platforms.ActiveCfg = Debug|Any CPU
		{F5CD5FCE-2E46-4C2D-A9E9-075E427FF2E5}.Debug|Mixed Platforms.Build.0 = Debug|Any CPU
		{F5CD5FCE-2E46-4C2D-A9E9-075E427FF2E5}.Release|Mixed Platforms.ActiveCfg = Release|Any CPU
		{F5CD5FCE-2E46-4C2D-A9E9-075E427FF2E5}.Release|Mixed Platforms.Build.0 = Release|Any CPU
		{E0F122AE-2811-4D7D-B59D-3105F237B56B}.Debug|Mixed Platforms.ActiveCfg = Debug|Any CPU
		{E0F122AE-2811-4D7D-B59D-3105F237B56B}.Debug|Mixed Platforms.Build.0 = Debug|Any CPU
		{E0F122AE-2811-4D7D-B59D-3105F237B56B}.Release|Mixed Platforms.ActiveCfg = Release|Any CPU
		{E0F122AE-2811-4D7D-B59D-3105F237B56B}.Release|Mixed Platforms.Build.0 = Release|Any CPU
		{38A38F5C-D59D-4976-AAE6-F0B95C51DA1A}.Debug|Mixed Platforms.ActiveCfg = Debug|Any CPU
		{38A38F5C-D59D-4976-AAE6-F0B95C51DA1A}.Debug|Mixed Platforms.Build.0 = Debug|Any CPU
		{38A38F5C-D59D-4976-AAE6-F0B95C51DA1A}.Release|Mixed Platforms.ActiveCfg = Release|Any CPU
		{38A38F5C-D59D-4976-AAE6-F0B95C51DA1A}.Release|Mixed Platforms.Build.0 = Release|Any CPU
		{6E1832B1-C388-49BB-9787-8944CE462167}.Debug|Mixed Platforms.ActiveCfg = Debug|x86
		{6E1832B1-C388-49BB-9787-8944CE462167}.Release|Mixed Platforms.ActiveCfg = Release|x86
		{6E1832B1-C388-49BB-9787-8944CE462167}.Release|Mixed Platforms.Build.0 = Release|x86
		{61B61907-B607-4BFD-B3EE-5DDEA6310BDF}.Debug|Mixed Platforms.ActiveCfg = Debug|x64
		{61B61907-B607-4BFD-B3EE-5DDEA6310BDF}.Release|Mixed Platforms.ActiveCfg = Release|x64
		{61B61907-B607-4BFD-B3EE-5DDEA6310BDF}.Release|Mixed Platforms.Build.0 = Release|x64
		{CEDEFF1A-110C-4532-BE6C-C99E9047032E}.Debug|Mixed Platforms.ActiveCfg = Debug|x86
		{CEDEFF1A-110C-4532-BE6C-C99E9047032E}.Release|Mixed Platforms.ActiveCfg = Release|x86
		{CEDEFF1A-110C-4532-BE6C-C99E9047032E}.Release|Mixed Platforms.Build.0 = Release|x86
	EndGlobalSection
	GlobalSection(SolutionProperties) = preSolution
		HideSolutionNode = FALSE
	EndGlobalSection
	GlobalSection(NestedProjects) = preSolution
		{0A130488-A419-4133-B8D8-0F637B490089} = {190E3FA0-597A-458E-9C24-E58596629D16}
		{BCE18F0D-F650-40DB-9092-2ADADBF113E3} = {190E3FA0-597A-458E-9C24-E58596629D16}
		{4277BEBB-073A-4A27-946F-09ADEDCE98C9} = {190E3FA0-597A-458E-9C24-E58596629D16}
		{F6E7E018-9CAA-44B5-9E77-F90DBC954170} = {190E3FA0-597A-458E-9C24-E58596629D16}
		{9C6B94A7-05FF-4BC4-8FF8-BCC808F240AB} = {190E3FA0-597A-458E-9C24-E58596629D16}
		{E58F1E1C-72BC-4379-B491-CFA5E48E8605} = {190E3FA0-597A-458E-9C24-E58596629D16}
		{7D89FD61-1B43-4055-90CF-ED8B12259B49} = {190E3FA0-597A-458E-9C24-E58596629D16}
		{F5CD5FCE-2E46-4C2D-A9E9-075E427FF2E5} = {190E3FA0-597A-458E-9C24-E58596629D16}
		{E0F122AE-2811-4D7D-B59D-3105F237B56B} = {190E3FA0-597A-458E-9C24-E58596629D16}
		{6E1832B1-C388-49BB-9787-8944CE462167} = {8143544E-CC91-4945-8FC6-ADB1ECE47B19}
		{61B61907-B607-4BFD-B3EE-5DDEA6310BDF} = {8143544E-CC91-4945-8FC6-ADB1ECE47B19}
		{CEDEFF1A-110C-4532-BE6C-C99E9047032E} = {8143544E-CC91-4945-8FC6-ADB1ECE47B19}
	EndGlobalSection
EndGlobal
