
Microsoft Visual Studio Solution File, Format Version 12.00
# Visual Studio Express 2013 for Windows Desktop
VisualStudioVersion = 12.0.30723.0
MinimumVisualStudioVersion = 10.0.40219.1
Project("{FAE04EC0-301F-11D3-BF4B-00C04F79EFBC}") = "PowerShellAudio.Api", "PowerShellAudio.Api\PowerShellAudio.Api.csproj", "{B122F71F-58CA-4CDB-91F0-ED91DB6FE3FB}"
EndProject
Project("{2150E333-8FDC-42A3-9474-1A3956D46DE8}") = "Extensions", "Extensions", "{190E3FA0-597A-458E-9C24-E58596629D16}"
EndProject
Project("{FAE04EC0-301F-11D3-BF4B-00C04F79EFBC}") = "PowerShellAudio.Extensions.Wave", "Extensions\PowerShellAudio.Extensions.Wave\PowerShellAudio.Extensions.Wave.csproj", "{0A130488-A419-4133-B8D8-0F637B490089}"
EndProject
Project("{FAE04EC0-301F-11D3-BF4B-00C04F79EFBC}") = "PowerShellAudio.Extensions.Flac", "Extensions\PowerShellAudio.Extensions.Flac\PowerShellAudio.Extensions.Flac.csproj", "{BCE18F0D-F650-40DB-9092-2ADADBF113E3}"
EndProject
Project("{FAE04EC0-301F-11D3-BF4B-00C04F79EFBC}") = "PowerShellAudio.Common", "PowerShellAudio.Common\PowerShellAudio.Common.csproj", "{805811ED-7986-4691-BACB-00FFFEE65FA7}"
EndProject
Project("{FAE04EC0-301F-11D3-BF4B-00C04F79EFBC}") = "PowerShellAudio.Extensibility", "PowerShellAudio.Extensibility\PowerShellAudio.Extensibility.csproj", "{53A553D8-F413-4CA0-A958-DEDC9D0E83F1}"
EndProject
Project("{FAE04EC0-301F-11D3-BF4B-00C04F79EFBC}") = "PowerShellAudio.Extensions.ReplayGain", "Extensions\PowerShellAudio.Extensions.ReplayGain\PowerShellAudio.Extensions.ReplayGain.csproj", "{4277BEBB-073A-4A27-946F-09ADEDCE98C9}"
EndProject
Project("{FAE04EC0-301F-11D3-BF4B-00C04F79EFBC}") = "PowerShellAudio.Commands", "PowerShellAudio.Commands\PowerShellAudio.Commands.csproj", "{A49041D4-6C2B-48B8-A3AD-F9607B09D357}"
	ProjectSection(ProjectDependencies) = postProject
		{BCE18F0D-F650-40DB-9092-2ADADBF113E3} = {BCE18F0D-F650-40DB-9092-2ADADBF113E3}
		{F6E7E018-9CAA-44B5-9E77-F90DBC954170} = {F6E7E018-9CAA-44B5-9E77-F90DBC954170}
		{E58F1E1C-72BC-4379-B491-CFA5E48E8605} = {E58F1E1C-72BC-4379-B491-CFA5E48E8605}
		{7D89FD61-1B43-4055-90CF-ED8B12259B49} = {7D89FD61-1B43-4055-90CF-ED8B12259B49}
		{0A130488-A419-4133-B8D8-0F637B490089} = {0A130488-A419-4133-B8D8-0F637B490089}
		{9C6B94A7-05FF-4BC4-8FF8-BCC808F240AB} = {9C6B94A7-05FF-4BC4-8FF8-BCC808F240AB}
		{E0F122AE-2811-4D7D-B59D-3105F237B56B} = {E0F122AE-2811-4D7D-B59D-3105F237B56B}
		{4277BEBB-073A-4A27-946F-09ADEDCE98C9} = {4277BEBB-073A-4A27-946F-09ADEDCE98C9}
		{F5CD5FCE-2E46-4C2D-A9E9-075E427FF2E5} = {F5CD5FCE-2E46-4C2D-A9E9-075E427FF2E5}
	EndProjectSection
EndProject
Project("{FAE04EC0-301F-11D3-BF4B-00C04F79EFBC}") = "PowerShellAudio.Extensions.Mp3", "Extensions\PowerShellAudio.Extensions.Mp3\PowerShellAudio.Extensions.Mp3.csproj", "{F6E7E018-9CAA-44B5-9E77-F90DBC954170}"
EndProject
Project("{FAE04EC0-301F-11D3-BF4B-00C04F79EFBC}") = "PowerShellAudio.Extensions.Id3", "Extensions\PowerShellAudio.Extensions.Id3\PowerShellAudio.Extensions.Id3.csproj", "{9C6B94A7-05FF-4BC4-8FF8-BCC808F240AB}"
EndProject
Project("{FAE04EC0-301F-11D3-BF4B-00C04F79EFBC}") = "PowerShellAudio.Extensions.Lame", "Extensions\PowerShellAudio.Extensions.Lame\PowerShellAudio.Extensions.Lame.csproj", "{E58F1E1C-72BC-4379-B491-CFA5E48E8605}"
	ProjectSection(ProjectDependencies) = postProject
		{9C6B94A7-05FF-4BC4-8FF8-BCC808F240AB} = {9C6B94A7-05FF-4BC4-8FF8-BCC808F240AB}
		{4277BEBB-073A-4A27-946F-09ADEDCE98C9} = {4277BEBB-073A-4A27-946F-09ADEDCE98C9}
	EndProjectSection
EndProject
Project("{FAE04EC0-301F-11D3-BF4B-00C04F79EFBC}") = "PowerShellAudio.Extensions.Mp4", "Extensions\PowerShellAudio.Extensions.Mp4\PowerShellAudio.Extensions.Mp4.csproj", "{7D89FD61-1B43-4055-90CF-ED8B12259B49}"
EndProject
Project("{FAE04EC0-301F-11D3-BF4B-00C04F79EFBC}") = "PowerShellAudio.Extensions.Vorbis", "Extensions\PowerShellAudio.Extensions.Vorbis\PowerShellAudio.Extensions.Vorbis.csproj", "{F5CD5FCE-2E46-4C2D-A9E9-075E427FF2E5}"
	ProjectSection(ProjectDependencies) = postProject
		{4277BEBB-073A-4A27-946F-09ADEDCE98C9} = {4277BEBB-073A-4A27-946F-09ADEDCE98C9}
	EndProjectSection
EndProject
Project("{FAE04EC0-301F-11D3-BF4B-00C04F79EFBC}") = "PowerShellAudio.Extensions.Apple", "Extensions\PowerShellAudio.Extensions.Apple\PowerShellAudio.Extensions.Apple.csproj", "{E0F122AE-2811-4D7D-B59D-3105F237B56B}"
	ProjectSection(ProjectDependencies) = postProject
		{7D89FD61-1B43-4055-90CF-ED8B12259B49} = {7D89FD61-1B43-4055-90CF-ED8B12259B49}
		{4277BEBB-073A-4A27-946F-09ADEDCE98C9} = {4277BEBB-073A-4A27-946F-09ADEDCE98C9}
	EndProjectSection
EndProject
Project("{FAE04EC0-301F-11D3-BF4B-00C04F79EFBC}") = "PowerShellAudio.UnitTests", "PowerShellAudio.UnitTests\PowerShellAudio.UnitTests.csproj", "{38A38F5C-D59D-4976-AAE6-F0B95C51DA1A}"
	ProjectSection(ProjectDependencies) = postProject
		{BCE18F0D-F650-40DB-9092-2ADADBF113E3} = {BCE18F0D-F650-40DB-9092-2ADADBF113E3}
		{F6E7E018-9CAA-44B5-9E77-F90DBC954170} = {F6E7E018-9CAA-44B5-9E77-F90DBC954170}
		{E58F1E1C-72BC-4379-B491-CFA5E48E8605} = {E58F1E1C-72BC-4379-B491-CFA5E48E8605}
		{7D89FD61-1B43-4055-90CF-ED8B12259B49} = {7D89FD61-1B43-4055-90CF-ED8B12259B49}
		{0A130488-A419-4133-B8D8-0F637B490089} = {0A130488-A419-4133-B8D8-0F637B490089}
		{9C6B94A7-05FF-4BC4-8FF8-BCC808F240AB} = {9C6B94A7-05FF-4BC4-8FF8-BCC808F240AB}
		{E0F122AE-2811-4D7D-B59D-3105F237B56B} = {E0F122AE-2811-4D7D-B59D-3105F237B56B}
		{4277BEBB-073A-4A27-946F-09ADEDCE98C9} = {4277BEBB-073A-4A27-946F-09ADEDCE98C9}
		{F5CD5FCE-2E46-4C2D-A9E9-075E427FF2E5} = {F5CD5FCE-2E46-4C2D-A9E9-075E427FF2E5}
	EndProjectSection
EndProject
Project("{2150E333-8FDC-42A3-9474-1A3956D46DE8}") = "Solution Items", "Solution Items", "{7A43876E-3E89-4E8C-9267-C9B88B662866}"
	ProjectSection(SolutionItems) = preProject
		COPYING = COPYING
		COPYING.LESSER = COPYING.LESSER
		Default.runsettings = Default.runsettings
	EndProjectSection
EndProject
Project("{2150E333-8FDC-42A3-9474-1A3956D46DE8}") = "Distribution", "Distribution", "{82ABED08-8698-49F6-842B-D681ADC63F40}"
	ProjectSection(SolutionItems) = preProject
		Distribution\Compile.cmd = Distribution\Compile.cmd
		Distribution\License.rtf = Distribution\License.rtf
		Distribution\PowerShellAudio.wsx = Distribution\PowerShellAudio.wsx
		Distribution\PowerShellAudio64.wsx = Distribution\PowerShellAudio64.wsx
		Distribution\PowerShellAudioInstaller.wsx = Distribution\PowerShellAudioInstaller.wsx
	EndProjectSection
EndProject
Project("{2150E333-8FDC-42A3-9474-1A3956D46DE8}") = "Prerequisites", "Prerequisites", "{17494B6A-415F-4BCC-B288-570B2E583849}"
	ProjectSection(SolutionItems) = preProject
		Distribution\Prerequisites\Microsoft_VC120_CRT_x64.msm = Distribution\Prerequisites\Microsoft_VC120_CRT_x64.msm
		Distribution\Prerequisites\Microsoft_VC120_CRT_x86.msm = Distribution\Prerequisites\Microsoft_VC120_CRT_x86.msm
		Distribution\Prerequisites\Windows6.1-KB2819745-x64-MultiPkg.msu = Distribution\Prerequisites\Windows6.1-KB2819745-x64-MultiPkg.msu
		Distribution\Prerequisites\Windows6.1-KB2819745-x86-MultiPkg.msu = Distribution\Prerequisites\Windows6.1-KB2819745-x86-MultiPkg.msu
	EndProjectSection
EndProject
Global
	GlobalSection(SolutionConfigurationPlatforms) = preSolution
		Debug|Any CPU = Debug|Any CPU
		Release|Any CPU = Release|Any CPU
	EndGlobalSection
	GlobalSection(ProjectConfigurationPlatforms) = postSolution
		{B122F71F-58CA-4CDB-91F0-ED91DB6FE3FB}.Debug|Any CPU.ActiveCfg = Debug|Any CPU
		{B122F71F-58CA-4CDB-91F0-ED91DB6FE3FB}.Debug|Any CPU.Build.0 = Debug|Any CPU
		{B122F71F-58CA-4CDB-91F0-ED91DB6FE3FB}.Release|Any CPU.ActiveCfg = Release|Any CPU
		{B122F71F-58CA-4CDB-91F0-ED91DB6FE3FB}.Release|Any CPU.Build.0 = Release|Any CPU
		{0A130488-A419-4133-B8D8-0F637B490089}.Debug|Any CPU.ActiveCfg = Debug|Any CPU
		{0A130488-A419-4133-B8D8-0F637B490089}.Debug|Any CPU.Build.0 = Debug|Any CPU
		{0A130488-A419-4133-B8D8-0F637B490089}.Release|Any CPU.ActiveCfg = Release|Any CPU
		{0A130488-A419-4133-B8D8-0F637B490089}.Release|Any CPU.Build.0 = Release|Any CPU
		{BCE18F0D-F650-40DB-9092-2ADADBF113E3}.Debug|Any CPU.ActiveCfg = Debug|Any CPU
		{BCE18F0D-F650-40DB-9092-2ADADBF113E3}.Debug|Any CPU.Build.0 = Debug|Any CPU
		{BCE18F0D-F650-40DB-9092-2ADADBF113E3}.Release|Any CPU.ActiveCfg = Release|Any CPU
		{BCE18F0D-F650-40DB-9092-2ADADBF113E3}.Release|Any CPU.Build.0 = Release|Any CPU
		{805811ED-7986-4691-BACB-00FFFEE65FA7}.Debug|Any CPU.ActiveCfg = Debug|Any CPU
		{805811ED-7986-4691-BACB-00FFFEE65FA7}.Debug|Any CPU.Build.0 = Debug|Any CPU
		{805811ED-7986-4691-BACB-00FFFEE65FA7}.Release|Any CPU.ActiveCfg = Release|Any CPU
		{805811ED-7986-4691-BACB-00FFFEE65FA7}.Release|Any CPU.Build.0 = Release|Any CPU
		{53A553D8-F413-4CA0-A958-DEDC9D0E83F1}.Debug|Any CPU.ActiveCfg = Debug|Any CPU
		{53A553D8-F413-4CA0-A958-DEDC9D0E83F1}.Debug|Any CPU.Build.0 = Debug|Any CPU
		{53A553D8-F413-4CA0-A958-DEDC9D0E83F1}.Release|Any CPU.ActiveCfg = Release|Any CPU
		{53A553D8-F413-4CA0-A958-DEDC9D0E83F1}.Release|Any CPU.Build.0 = Release|Any CPU
		{4277BEBB-073A-4A27-946F-09ADEDCE98C9}.Debug|Any CPU.ActiveCfg = Debug|Any CPU
		{4277BEBB-073A-4A27-946F-09ADEDCE98C9}.Debug|Any CPU.Build.0 = Debug|Any CPU
		{4277BEBB-073A-4A27-946F-09ADEDCE98C9}.Release|Any CPU.ActiveCfg = Release|Any CPU
		{4277BEBB-073A-4A27-946F-09ADEDCE98C9}.Release|Any CPU.Build.0 = Release|Any CPU
		{A49041D4-6C2B-48B8-A3AD-F9607B09D357}.Debug|Any CPU.ActiveCfg = Debug|Any CPU
		{A49041D4-6C2B-48B8-A3AD-F9607B09D357}.Debug|Any CPU.Build.0 = Debug|Any CPU
		{A49041D4-6C2B-48B8-A3AD-F9607B09D357}.Release|Any CPU.ActiveCfg = Release|Any CPU
		{A49041D4-6C2B-48B8-A3AD-F9607B09D357}.Release|Any CPU.Build.0 = Release|Any CPU
		{F6E7E018-9CAA-44B5-9E77-F90DBC954170}.Debug|Any CPU.ActiveCfg = Debug|Any CPU
		{F6E7E018-9CAA-44B5-9E77-F90DBC954170}.Debug|Any CPU.Build.0 = Debug|Any CPU
		{F6E7E018-9CAA-44B5-9E77-F90DBC954170}.Release|Any CPU.ActiveCfg = Release|Any CPU
		{F6E7E018-9CAA-44B5-9E77-F90DBC954170}.Release|Any CPU.Build.0 = Release|Any CPU
		{9C6B94A7-05FF-4BC4-8FF8-BCC808F240AB}.Debug|Any CPU.ActiveCfg = Debug|Any CPU
		{9C6B94A7-05FF-4BC4-8FF8-BCC808F240AB}.Debug|Any CPU.Build.0 = Debug|Any CPU
		{9C6B94A7-05FF-4BC4-8FF8-BCC808F240AB}.Release|Any CPU.ActiveCfg = Release|Any CPU
		{9C6B94A7-05FF-4BC4-8FF8-BCC808F240AB}.Release|Any CPU.Build.0 = Release|Any CPU
		{E58F1E1C-72BC-4379-B491-CFA5E48E8605}.Debug|Any CPU.ActiveCfg = Debug|Any CPU
		{E58F1E1C-72BC-4379-B491-CFA5E48E8605}.Debug|Any CPU.Build.0 = Debug|Any CPU
		{E58F1E1C-72BC-4379-B491-CFA5E48E8605}.Release|Any CPU.ActiveCfg = Release|Any CPU
		{E58F1E1C-72BC-4379-B491-CFA5E48E8605}.Release|Any CPU.Build.0 = Release|Any CPU
		{7D89FD61-1B43-4055-90CF-ED8B12259B49}.Debug|Any CPU.ActiveCfg = Debug|Any CPU
		{7D89FD61-1B43-4055-90CF-ED8B12259B49}.Debug|Any CPU.Build.0 = Debug|Any CPU
		{7D89FD61-1B43-4055-90CF-ED8B12259B49}.Release|Any CPU.ActiveCfg = Release|Any CPU
		{7D89FD61-1B43-4055-90CF-ED8B12259B49}.Release|Any CPU.Build.0 = Release|Any CPU
		{F5CD5FCE-2E46-4C2D-A9E9-075E427FF2E5}.Debug|Any CPU.ActiveCfg = Debug|Any CPU
		{F5CD5FCE-2E46-4C2D-A9E9-075E427FF2E5}.Debug|Any CPU.Build.0 = Debug|Any CPU
		{F5CD5FCE-2E46-4C2D-A9E9-075E427FF2E5}.Release|Any CPU.ActiveCfg = Release|Any CPU
		{F5CD5FCE-2E46-4C2D-A9E9-075E427FF2E5}.Release|Any CPU.Build.0 = Release|Any CPU
		{E0F122AE-2811-4D7D-B59D-3105F237B56B}.Debug|Any CPU.ActiveCfg = Debug|Any CPU
		{E0F122AE-2811-4D7D-B59D-3105F237B56B}.Debug|Any CPU.Build.0 = Debug|Any CPU
		{E0F122AE-2811-4D7D-B59D-3105F237B56B}.Release|Any CPU.ActiveCfg = Release|Any CPU
		{E0F122AE-2811-4D7D-B59D-3105F237B56B}.Release|Any CPU.Build.0 = Release|Any CPU
		{38A38F5C-D59D-4976-AAE6-F0B95C51DA1A}.Debug|Any CPU.ActiveCfg = Debug|Any CPU
		{38A38F5C-D59D-4976-AAE6-F0B95C51DA1A}.Debug|Any CPU.Build.0 = Debug|Any CPU
		{38A38F5C-D59D-4976-AAE6-F0B95C51DA1A}.Release|Any CPU.ActiveCfg = Release|Any CPU
		{38A38F5C-D59D-4976-AAE6-F0B95C51DA1A}.Release|Any CPU.Build.0 = Release|Any CPU
	EndGlobalSection
	GlobalSection(SolutionProperties) = preSolution
		HideSolutionNode = FALSE
	EndGlobalSection
	GlobalSection(NestedProjects) = preSolution
		{0A130488-A419-4133-B8D8-0F637B490089} = {190E3FA0-597A-458E-9C24-E58596629D16}
		{BCE18F0D-F650-40DB-9092-2ADADBF113E3} = {190E3FA0-597A-458E-9C24-E58596629D16}
		{4277BEBB-073A-4A27-946F-09ADEDCE98C9} = {190E3FA0-597A-458E-9C24-E58596629D16}
		{F6E7E018-9CAA-44B5-9E77-F90DBC954170} = {190E3FA0-597A-458E-9C24-E58596629D16}
		{9C6B94A7-05FF-4BC4-8FF8-BCC808F240AB} = {190E3FA0-597A-458E-9C24-E58596629D16}
		{E58F1E1C-72BC-4379-B491-CFA5E48E8605} = {190E3FA0-597A-458E-9C24-E58596629D16}
		{7D89FD61-1B43-4055-90CF-ED8B12259B49} = {190E3FA0-597A-458E-9C24-E58596629D16}
		{F5CD5FCE-2E46-4C2D-A9E9-075E427FF2E5} = {190E3FA0-597A-458E-9C24-E58596629D16}
		{E0F122AE-2811-4D7D-B59D-3105F237B56B} = {190E3FA0-597A-458E-9C24-E58596629D16}
		{82ABED08-8698-49F6-842B-D681ADC63F40} = {7A43876E-3E89-4E8C-9267-C9B88B662866}
		{17494B6A-415F-4BCC-B288-570B2E583849} = {82ABED08-8698-49F6-842B-D681ADC63F40}
	EndGlobalSection
EndGlobal
